
Microsoft Visual Studio Solution File, Format Version 12.00
# Visual Studio Version 16
VisualStudioVersion = 16.0.35425.106
MinimumVisualStudioVersion = 10.0.40219.1
Project("{FAE04EC0-301F-11D3-BF4B-00C04F79EFBC}") = "MovieSeriesRecording", "MovieSeriesRecording\MovieSeriesRecording.csproj", "{7670E4BF-F62B-4C4D-93A9-19BBF6569102}"
EndProject
Global
	GlobalSection(SolutionConfigurationPlatforms) = preSolution
		Debug|Any CPU = Debug|Any CPU
		Release|Any CPU = Release|Any CPU
	EndGlobalSection
	GlobalSection(ProjectConfigurationPlatforms) = postSolution
		{7670E4BF-F62B-4C4D-93A9-19BBF6569102}.Debug|Any CPU.ActiveCfg = Debug|Any CPU
		{7670E4BF-F62B-4C4D-93A9-19BBF6569102}.Debug|Any CPU.Build.0 = Debug|Any CPU
		{7670E4BF-F62B-4C4D-93A9-19BBF6569102}.Release|Any CPU.ActiveCfg = Release|Any CPU
		{7670E4BF-F62B-4C4D-93A9-19BBF6569102}.Release|Any CPU.Build.0 = Release|Any CPU
	EndGlobalSection
	GlobalSection(SolutionProperties) = preSolution
		HideSolutionNode = FALSE
	EndGlobalSection
	GlobalSection(ExtensibilityGlobals) = postSolution
		SolutionGuid = {57A64CDE-24EA-45AF-B4DC-1E97C0A11FC8}
	EndGlobalSection
EndGlobal
